
Microsoft Visual Studio Solution File, Format Version 12.00
# Visual Studio Version 17
VisualStudioVersion = 17.5.33530.505
MinimumVisualStudioVersion = 10.0.40219.1
Project("{FAE04EC0-301F-11D3-BF4B-00C04F79EFBC}") = "Semana02", "Semana02\Semana02.csproj", "{938DF137-05DF-4B9D-833B-3A22948CB82D}"
EndProject
Global
	GlobalSection(SolutionConfigurationPlatforms) = preSolution
		Debug|Any CPU = Debug|Any CPU
		Release|Any CPU = Release|Any CPU
	EndGlobalSection
	GlobalSection(ProjectConfigurationPlatforms) = postSolution
		{938DF137-05DF-4B9D-833B-3A22948CB82D}.Debug|Any CPU.ActiveCfg = Debug|Any CPU
		{938DF137-05DF-4B9D-833B-3A22948CB82D}.Debug|Any CPU.Build.0 = Debug|Any CPU
		{938DF137-05DF-4B9D-833B-3A22948CB82D}.Release|Any CPU.ActiveCfg = Release|Any CPU
		{938DF137-05DF-4B9D-833B-3A22948CB82D}.Release|Any CPU.Build.0 = Release|Any CPU
	EndGlobalSection
	GlobalSection(SolutionProperties) = preSolution
		HideSolutionNode = FALSE
	EndGlobalSection
	GlobalSection(ExtensibilityGlobals) = postSolution
		SolutionGuid = {15429689-2A43-4863-AE2C-BBB7F05BBD92}
	EndGlobalSection
EndGlobal
